
Microsoft Visual Studio Solution File, Format Version 12.00
# Visual Studio Version 17
VisualStudioVersion = 17.14.36429.23 d17.14
MinimumVisualStudioVersion = 10.0.40219.1
Project("{FAE04EC0-301F-11D3-BF4B-00C04F79EFBC}") = "empolyee-administrator", "empolyee-administrator.csproj", "{ED61E054-F547-40B5-B2BD-17BABC7E4C9D}"
EndProject
Global
	GlobalSection(SolutionConfigurationPlatforms) = preSolution
		Debug|Any CPU = Debug|Any CPU
		Release|Any CPU = Release|Any CPU
	EndGlobalSection
	GlobalSection(ProjectConfigurationPlatforms) = postSolution
		{ED61E054-F547-40B5-B2BD-17BABC7E4C9D}.Debug|Any CPU.ActiveCfg = Debug|Any CPU
		{ED61E054-F547-40B5-B2BD-17BABC7E4C9D}.Debug|Any CPU.Build.0 = Debug|Any CPU
		{ED61E054-F547-40B5-B2BD-17BABC7E4C9D}.Release|Any CPU.ActiveCfg = Release|Any CPU
		{ED61E054-F547-40B5-B2BD-17BABC7E4C9D}.Release|Any CPU.Build.0 = Release|Any CPU
	EndGlobalSection
	GlobalSection(SolutionProperties) = preSolution
		HideSolutionNode = FALSE
	EndGlobalSection
	GlobalSection(ExtensibilityGlobals) = postSolution
		SolutionGuid = {C475E800-E3BB-4438-8F8F-E1784CD73BED}
	EndGlobalSection
EndGlobal
